{
  "requires": true,
  "lockfileVersion": 1,
  "dependencies": {
    "d3": {
      "version": "3.5.17",
      "resolved": "https://registry.npm.taobao.org/d3/download/d3-3.5.17.tgz",
      "integrity": "sha1-vEZ0gAQ3iyGjYMn8fPUjF5B2L7g="
    },
    "dagre-d3-renderer": {
      "version": "0.4.26",
      "resolved": "https://registry.npm.taobao.org/dagre-d3-renderer/download/dagre-d3-renderer-0.4.26.tgz",
      "integrity": "sha1-ZIpJEgm4U66W3fP+pBofEER5paE=",
      "requires": {
        "d3": "3.5.17",
        "dagre-layout": "^0.8.0",
        "graphlib": "^2.1.1",
        "lodash": "^4.17.4"
      }
    },
    "dagre-layout": {
      "version": "0.8.8",
      "resolved": "https://registry.npm.taobao.org/dagre-layout/download/dagre-layout-0.8.8.tgz",
      "integrity": "sha1-m2eS8kIp9AJEHBQWLBBJ4/Jh9tk=",
      "requires": {
        "graphlibrary": "^2.2.0",
        "lodash": "^4.17.5"
      }
    },
    "gitbook-plugin-alerts": {
      "version": "0.2.0",
      "resolved": "https://registry.npm.taobao.org/gitbook-plugin-alerts/download/gitbook-plugin-alerts-0.2.0.tgz",
      "integrity": "sha1-yMd4tBeY+AiwO+uQiCLpKKT74Tc="
    },
    "gitbook-plugin-chapter-fold": {
      "version": "0.0.4",
      "resolved": "https://registry.npm.taobao.org/gitbook-plugin-chapter-fold/download/gitbook-plugin-chapter-fold-0.0.4.tgz",
      "integrity": "sha1-3NWiH4C8vJjAiEGXdMOXrm1EY+8="
    },
    "gitbook-plugin-click-reveal": {
      "version": "1.0.0",
      "resolved": "https://registry.npm.taobao.org/gitbook-plugin-click-reveal/download/gitbook-plugin-click-reveal-1.0.0.tgz",
      "integrity": "sha1-xBQzr/C+BePt2AV9wJRFKAmfZUs="
    },
    "gitbook-plugin-code": {
      "version": "0.1.0",
      "resolved": "https://registry.npm.taobao.org/gitbook-plugin-code/download/gitbook-plugin-code-0.1.0.tgz",
      "integrity": "sha1-gRqWALrvdViuGTzufVgQABZn6Xs="
    },
    "gitbook-plugin-codeblock-label": {
      "version": "1.0.1",
      "resolved": "https://registry.npm.taobao.org/gitbook-plugin-codeblock-label/download/gitbook-plugin-codeblock-label-1.0.1.tgz",
      "integrity": "sha1-a9Ja3OJ87W5kNVFnpTLChHoVu+o="
    },
    "gitbook-plugin-emphasize": {
      "version": "1.1.0",
      "resolved": "https://registry.npm.taobao.org/gitbook-plugin-emphasize/download/gitbook-plugin-emphasize-1.1.0.tgz",
      "integrity": "sha1-hjjLFuXWT8aps6tM9R8IQd8cs90="
    },
    "gitbook-plugin-expandable-chapters-interactive": {
      "version": "0.1.0",
      "resolved": "https://registry.npm.taobao.org/gitbook-plugin-expandable-chapters-interactive/download/gitbook-plugin-expandable-chapters-interactive-0.1.0.tgz",
      "integrity": "sha1-v2mtMMQLQUVoiZnIWeNt5i4Kggo="
    },
    "gitbook-plugin-hide-element": {
      "version": "0.0.4",
      "resolved": "https://registry.npm.taobao.org/gitbook-plugin-hide-element/download/gitbook-plugin-hide-element-0.0.4.tgz",
      "integrity": "sha1-k6Pedq7r1TUmFZfSV/cYdvDR3DQ="
    },
    "gitbook-plugin-katex": {
      "version": "1.1.4",
      "resolved": "https://registry.npm.taobao.org/gitbook-plugin-katex/download/gitbook-plugin-katex-1.1.4.tgz",
      "integrity": "sha1-nTI++t0mw0CFJsXCJ+vbTBEg2aw=",
      "requires": {
        "katex": "0.7.1"
      }
    },
    "gitbook-plugin-mermaid-gb3": {
      "version": "2.1.0",
      "resolved": "https://registry.npm.taobao.org/gitbook-plugin-mermaid-gb3/download/gitbook-plugin-mermaid-gb3-2.1.0.tgz",
      "integrity": "sha1-8u/IRgIeUnKV1ftyMJPl2yX3lqA=",
      "requires": {
        "mermaid": "^7.0.7"
      }
    },
    "gitbook-plugin-search-pro": {
      "version": "2.0.2",
      "resolved": "https://registry.npm.taobao.org/gitbook-plugin-search-pro/download/gitbook-plugin-search-pro-2.0.2.tgz",
      "integrity": "sha1-fOduj2XCBESJucaSc2sj+B/mofI=",
      "requires": {
        "html-entities": "1.2.0"
      }
    },
    "graphlib": {
      "version": "2.1.8",
      "resolved": "https://registry.npm.taobao.org/graphlib/download/graphlib-2.1.8.tgz",
      "integrity": "sha1-V2HUFHN4cAhMkux7XbywWSydNdo=",
      "requires": {
        "lodash": "^4.17.15"
      }
    },
    "graphlibrary": {
      "version": "2.2.0",
      "resolved": "https://registry.npm.taobao.org/graphlibrary/download/graphlibrary-2.2.0.tgz",
      "integrity": "sha1-AXoUiZd1Io3sRJejm6v91r9W6sY=",
      "requires": {
        "lodash": "^4.17.5"
      }
    },
    "he": {
      "version": "1.2.0",
      "resolved": "https://registry.npm.taobao.org/he/download/he-1.2.0.tgz",
      "integrity": "sha1-hK5l+n6vsWX922FWauFLrwVmTw8="
    },
    "html-entities": {
      "version": "1.2.0",
      "resolved": "https://registry.npm.taobao.org/html-entities/download/html-entities-1.2.0.tgz?cache=0&sync_timestamp=1586616304085&other_urls=https%3A%2F%2Fregistry.npm.taobao.org%2Fhtml-entities%2Fdownload%2Fhtml-entities-1.2.0.tgz",
      "integrity": "sha1-QZSMr4XOgv7Tbk5qDtNxpmZDeeI="
    },
    "katex": {
      "version": "0.7.1",
      "resolved": "https://registry.npm.taobao.org/katex/download/katex-0.7.1.tgz",
      "integrity": "sha1-BrtSmO+tBeHnIoA1uo4VkfMGG48=",
      "requires": {
        "match-at": "^0.1.0"
      }
    },
    "lodash": {
      "version": "4.17.15",
      "resolved": "https://registry.npm.taobao.org/lodash/download/lodash-4.17.15.tgz",
      "integrity": "sha1-tEf2ZwoEVbv+7dETku/zMOoJdUg="
    },
    "match-at": {
      "version": "0.1.1",
      "resolved": "https://registry.npm.taobao.org/match-at/download/match-at-0.1.1.tgz",
      "integrity": "sha1-JdBA0pF3dwTV5lVru3kjDsLeBUA="
    },
    "mermaid": {
      "version": "7.1.2",
      "resolved": "https://registry.npm.taobao.org/mermaid/download/mermaid-7.1.2.tgz",
      "integrity": "sha1-YmVygVbC4IkeAEy6YKRAIhdEh60=",
      "requires": {
        "d3": "3.5.17",
        "dagre-d3-renderer": "^0.4.25",
        "dagre-layout": "^0.8.0",
        "he": "^1.1.1",
        "lodash": "^4.17.4",
        "moment": "^2.20.1"
      }
    },
    "moment": {
      "version": "2.24.0",
      "resolved": "https://registry.npm.taobao.org/moment/download/moment-2.24.0.tgz",
      "integrity": "sha1-DQVdU/UFKqZTyfbraLtdEr9cK1s="
    }
  }
}
